
Microsoft Visual Studio Solution File, Format Version 12.00
# Visual Studio Version 17
VisualStudioVersion = 17.7.34031.279
MinimumVisualStudioVersion = 10.0.40219.1
Project("{FAE04EC0-301F-11D3-BF4B-00C04F79EFBC}") = "FinalTerm1", "FinalTerm1\FinalTerm1.csproj", "{751317A6-C052-4BF4-9D37-283DF9B78CE1}"
EndProject
Global
	GlobalSection(SolutionConfigurationPlatforms) = preSolution
		Debug|Any CPU = Debug|Any CPU
		Release|Any CPU = Release|Any CPU
	EndGlobalSection
	GlobalSection(ProjectConfigurationPlatforms) = postSolution
		{751317A6-C052-4BF4-9D37-283DF9B78CE1}.Debug|Any CPU.ActiveCfg = Debug|Any CPU
		{751317A6-C052-4BF4-9D37-283DF9B78CE1}.Debug|Any CPU.Build.0 = Debug|Any CPU
		{751317A6-C052-4BF4-9D37-283DF9B78CE1}.Release|Any CPU.ActiveCfg = Release|Any CPU
		{751317A6-C052-4BF4-9D37-283DF9B78CE1}.Release|Any CPU.Build.0 = Release|Any CPU
	EndGlobalSection
	GlobalSection(SolutionProperties) = preSolution
		HideSolutionNode = FALSE
	EndGlobalSection
	GlobalSection(ExtensibilityGlobals) = postSolution
		SolutionGuid = {46474D80-6DF6-45FF-8578-C4C7FDD120EC}
	EndGlobalSection
EndGlobal
